
Microsoft Visual Studio Solution File, Format Version 12.00
# Visual Studio Version 17
VisualStudioVersion = 17.3.32922.545
MinimumVisualStudioVersion = 10.0.40219.1
Project("{FAE04EC0-301F-11D3-BF4B-00C04F79EFBC}") = "TradeHarborApi", "TradeHarborApi.csproj", "{DFDFE544-F8B2-4A6E-A0AA-EF82B9E3CCDB}"
EndProject
Global
	GlobalSection(SolutionConfigurationPlatforms) = preSolution
		Debug|Any CPU = Debug|Any CPU
		Release|Any CPU = Release|Any CPU
	EndGlobalSection
	GlobalSection(ProjectConfigurationPlatforms) = postSolution
		{DFDFE544-F8B2-4A6E-A0AA-EF82B9E3CCDB}.Debug|Any CPU.ActiveCfg = Debug|Any CPU
		{DFDFE544-F8B2-4A6E-A0AA-EF82B9E3CCDB}.Debug|Any CPU.Build.0 = Debug|Any CPU
		{DFDFE544-F8B2-4A6E-A0AA-EF82B9E3CCDB}.Release|Any CPU.ActiveCfg = Release|Any CPU
		{DFDFE544-F8B2-4A6E-A0AA-EF82B9E3CCDB}.Release|Any CPU.Build.0 = Release|Any CPU
	EndGlobalSection
	GlobalSection(SolutionProperties) = preSolution
		HideSolutionNode = FALSE
	EndGlobalSection
	GlobalSection(ExtensibilityGlobals) = postSolution
		SolutionGuid = {64166DCB-B017-4477-9128-2B4568D8BECA}
	EndGlobalSection
EndGlobal
